[[:group "ch.qos.logback"] [:artifact "logback-classic"] [:version "1.1.2"] [:jar-name "logback-classic-1.1.2.jar"] [:sha "b316e9737eea25e9ddd6d88eaeee76878045c6b2"]]
[[:group "ch.qos.logback"] [:artifact "logback-core"] [:version "1.1.2"] [:jar-name "logback-core-1.1.2.jar"] [:sha "2d23694879c2c12f125dac5076bdfd5d771cc4cb"]]
[[:group "cheshire"] [:artifact "cheshire"] [:version "5.3.1"] [:jar-name "cheshire-5.3.1.jar"] [:sha "f2ef0fa71d0b36707138609890013ae4a3bcce37"]]
[[:group "clj-time"] [:artifact "clj-time"] [:version "0.6.0"] [:jar-name "clj-time-0.6.0.jar"] [:sha "a922fbc265cf1e8fc01f811b6f7e106f85172cc3"]]
[[:group "com.cognitect"] [:artifact "transit-clj"] [:version "0.8.255"] [:jar-name "transit-clj-0.8.255.jar"] [:sha "fba56aa6ac75ecf6cb5d14f8fc9fc7efd1d49365"]]
[[:group "com.cognitect"] [:artifact "transit-java"] [:version "0.8.266"] [:jar-name "transit-java-0.8.266.jar"] [:sha "9fe7f72022a2912c269b42adfdeaee94174ff512"]]
[[:group "com.fasterxml.jackson.core"] [:artifact "jackson-annotations"] [:version "2.3.0"] [:jar-name "jackson-annotations-2.3.0.jar"] [:sha "f5e853a20b60758922453d56f9ae1e64af5cb3da"]]
[[:group "com.fasterxml.jackson.core"] [:artifact "jackson-core"] [:version "2.3.2"] [:jar-name "jackson-core-2.3.2.jar"] [:sha "559b70ac8a0d5cad611da4223137a920147201ba"]]
[[:group "com.fasterxml.jackson.core"] [:artifact "jackson-databind"] [:version "2.3.2"] [:jar-name "jackson-databind-2.3.2.jar"] [:sha "c75edc740a6d8cb1cef6fa82fa594e0bce561916"]]
[[:group "com.fasterxml.jackson.dataformat"] [:artifact "jackson-dataformat-smile"] [:version "2.3.1"] [:jar-name "jackson-dataformat-smile-2.3.1.jar"] [:sha "a39db9e485fe401e2a7a47b04cf4694702272eeb"]]
[[:group "com.fasterxml.jackson.datatype"] [:artifact "jackson-datatype-json-org"] [:version "2.3.2"] [:jar-name "jackson-datatype-json-org-2.3.2.jar"] [:sha "95d8e4a74af91b702eae27d175c88904113e8a2d"]]
[[:group "com.googlecode.json-simple"] [:artifact "json-simple"] [:version "1.1.1"] [:jar-name "json-simple-1.1.1.jar"] [:sha "c9ad4a0850ab676c5c64461a05ca524cdfff59f1"]]
[[:group "commons-codec"] [:artifact "commons-codec"] [:version "1.9"] [:jar-name "commons-codec-1.9.jar"] [:sha "9ce04e34240f674bc72680f8b843b1457383161a"]]
[[:group "commons-fileupload"] [:artifact "commons-fileupload"] [:version "1.3"] [:jar-name "commons-fileupload-1.3.jar"] [:sha "c89e540e4a12cb034fb973e12135839b5de9a87e"]]
[[:group "commons-io"] [:artifact "commons-io"] [:version "2.4"] [:jar-name "commons-io-2.4.jar"] [:sha "b1b6ea3b7e4aa4f492509a4952029cd8e48019ad"]]
[[:group "crypto-equality"] [:artifact "crypto-equality"] [:version "1.0.0"] [:jar-name "crypto-equality-1.0.0.jar"] [:sha "6728b7a444008fe576167fcadb92fea23bb17d42"]]
[[:group "crypto-random"] [:artifact "crypto-random"] [:version "1.2.0"] [:jar-name "crypto-random-1.2.0.jar"] [:sha "cd5ed1fa18919cc13f5ab5feabdff21cc4b0faf6"]]
[[:group "io.pedestal"] [:artifact "pedestal.service"] [:version "0.4.0-20141218.145625-3"] [:jar-name "pedestal.service-0.4.0-SNAPSHOT.jar"] [:sha "841c1fbd97b7b19697677b2db27662847ed94189"]]
[[:group "joda-time"] [:artifact "joda-time"] [:version "2.2"] [:jar-name "joda-time-2.2.jar"] [:sha "a5f29a7acaddea3f4af307e8cf2d0cc82645fd7d"]]
[[:group "org.apache.directory.studio"] [:artifact "org.apache.commons.codec"] [:version "1.8"] [:jar-name "org.apache.commons.codec-1.8.jar"] [:sha "af243a2c8302b659b0afe9b4a2d8add1b7f964c0"]]
[[:group "org.clojure"] [:artifact "clojure"] [:version "1.6.0"] [:jar-name "clojure-1.6.0.jar"] [:sha "1d95fb21562fa9d6df138a568ba5cab3e1dd3c98"]]
[[:group "org.clojure"] [:artifact "core.async"] [:version "0.1.346.0-17112a-alpha"] [:jar-name "core.async-0.1.346.0-17112a-alpha.jar"] [:sha "8c111443964a8740121d752dcb00d293f30bad8d"]]
[[:group "org.clojure"] [:artifact "core.cache"] [:version "0.6.3"] [:jar-name "core.cache-0.6.3.jar"] [:sha "4cec9a62b7872495aacabad1e9d0085361ba8130"]]
[[:group "org.clojure"] [:artifact "core.incubator"] [:version "0.1.3"] [:jar-name "core.incubator-0.1.3.jar"] [:sha "3cd0ac17ff0c27a7845ded943ccf6edb1610aef0"]]
[[:group "org.clojure"] [:artifact "core.match"] [:version "0.3.0-alpha3"] [:jar-name "core.match-0.3.0-alpha3.jar"] [:sha "b5f8ee1832f805ac91598029ed12ba415acaa66d"]]
[[:group "org.clojure"] [:artifact "core.memoize"] [:version "0.5.6"] [:jar-name "core.memoize-0.5.6.jar"] [:sha "36b5ffd86783dade13d4af667147c32ea0ecfee4"]]
[[:group "org.clojure"] [:artifact "data.priority-map"] [:version "0.0.2"] [:jar-name "data.priority-map-0.0.2.jar"] [:sha "f13311d5a510cdaaa230add17b373c9e50395d3e"]]
[[:group "org.clojure"] [:artifact "test.check"] [:version "0.5.9"] [:jar-name "test.check-0.5.9.jar"] [:sha "4dc3da4d10f0fb01a9c36eed3d4f8a23d75321fc"]]
[[:group "org.clojure"] [:artifact "tools.analyzer"] [:version "0.6.4"] [:jar-name "tools.analyzer-0.6.4.jar"] [:sha "429cb1a0449fe781dd812c038cbd6e557ed404a9"]]
[[:group "org.clojure"] [:artifact "tools.analyzer.jvm"] [:version "0.6.5"] [:jar-name "tools.analyzer.jvm-0.6.5.jar"] [:sha "7bdb6517b283f2f8d7ec5b88a387c9d34f4b5586"]]
[[:group "org.clojure"] [:artifact "tools.reader"] [:version "0.8.12"] [:jar-name "tools.reader-0.8.12.jar"] [:sha "4294a2c0ceac87330c0577b5f6c4992f0558b808"]]
[[:group "org.javassist"] [:artifact "javassist"] [:version "3.18.1-GA"] [:jar-name "javassist-3.18.1-GA.jar"] [:sha "d9a09f7732226af26bf99f19e2cffe0ae219db5b"]]
[[:group "org.json"] [:artifact "json"] [:version "20090211"] [:jar-name "json-20090211.jar"] [:sha "c183aa3a2a6250293808bba12262c8920ce5a51c"]]
[[:group "org.msgpack"] [:artifact "msgpack"] [:version "0.6.10"] [:jar-name "msgpack-0.6.10.jar"] [:sha "190abcbd597f4774d7bf7eb1f550ac184acbb52f"]]
[[:group "org.ow2.asm"] [:artifact "asm-all"] [:version "4.2"] [:jar-name "asm-all-4.2.jar"] [:sha "7f7277e5b8002226ebfc8b861c775da8f6a55afd"]]
[[:group "org.slf4j"] [:artifact "jcl-over-slf4j"] [:version "1.7.7"] [:jar-name "jcl-over-slf4j-1.7.7.jar"] [:sha "56003dcd0a31deea6391b9e2ef2f2dc90b205a92"]]
[[:group "org.slf4j"] [:artifact "jul-to-slf4j"] [:version "1.7.7"] [:jar-name "jul-to-slf4j-1.7.7.jar"] [:sha "def21bc1a6e648ee40b41a84f1db443132913105"]]
[[:group "org.slf4j"] [:artifact "log4j-over-slf4j"] [:version "1.7.7"] [:jar-name "log4j-over-slf4j-1.7.7.jar"] [:sha "d521cb26a9c4407caafcec302e7804b048b07cea"]]
[[:group "org.slf4j"] [:artifact "slf4j-api"] [:version "1.7.7"] [:jar-name "slf4j-api-1.7.7.jar"] [:sha "2b8019b6249bb05d81d3a3094e468753e2b21311"]]
[[:group "ring"] [:artifact "ring-codec"] [:version "1.0.0"] [:jar-name "ring-codec-1.0.0.jar"] [:sha "e2e0be35ee22202a6da3769b606c485e4154f6e9"]]
[[:group "ring"] [:artifact "ring-core"] [:version "1.3.2"] [:jar-name "ring-core-1.3.2.jar"] [:sha "125f8c05b4768d16e5da46dc8fb62b0e77e1289d"]]
[[:group "tigris"] [:artifact "tigris"] [:version "0.1.1"] [:jar-name "tigris-0.1.1.jar"] [:sha "0187674e86c2e94eefb4f80c13a6b10345dd6ad2"]]
